dependencies:
- name: redis
  repository: https://charts.bitnami.com/bitnami
  version: 16.0.1
- name: mongodb
  repository: https://charts.bitnami.com/bitnami
  version: 10.31.5
- name: elasticsearch
  repository: https://helm.elastic.co
  version: 7.16.2
digest: sha256:a0530370d3d7401b033cdf0d212f66f40ebaabda7e083a8ba97407947d1701a7
generated: "2022-06-02T18:13:53.267774+02:00"
