dependencies:
- name: redis
  repository: file://../../dependency_charts/redis
  version: 10.9.0
- name: mongodb
  repository: file://../../dependency_charts/mongodb
  version: 10.3.4
- name: elasticsearch
  repository: file://../../dependency_charts/elasticsearch
  version: 7.16.2
digest: sha256:149b5a49382d280b1e083f3c193d014d3d2eb7fcdf3ec1402008996960cc173a
generated: "2022-06-02T21:09:00.961174+02:00"
